
Microsoft Visual Studio Solution File, Format Version 12.00
# Visual Studio Version 16
VisualStudioVersion = 16.0.31205.134
MinimumVisualStudioVersion = 10.0.40219.1
Project("{FAE04EC0-301F-11D3-BF4B-00C04F79EFBC}") = "FlashCardsDemo", "FlashCardsDemo.csproj", "{BEA671BB-ED41-489C-AA59-80BAE1E34F54}"
EndProject
Global
	GlobalSection(SolutionConfigurationPlatforms) = preSolution
		Debug|Any CPU = Debug|Any CPU
		Release|Any CPU = Release|Any CPU
	EndGlobalSection
	GlobalSection(ProjectConfigurationPlatforms) = postSolution
		{BEA671BB-ED41-489C-AA59-80BAE1E34F54}.Debug|Any CPU.ActiveCfg = Debug|Any CPU
		{BEA671BB-ED41-489C-AA59-80BAE1E34F54}.Debug|Any CPU.Build.0 = Debug|Any CPU
		{BEA671BB-ED41-489C-AA59-80BAE1E34F54}.Release|Any CPU.ActiveCfg = Release|Any CPU
		{BEA671BB-ED41-489C-AA59-80BAE1E34F54}.Release|Any CPU.Build.0 = Release|Any CPU
	EndGlobalSection
	GlobalSection(SolutionProperties) = preSolution
		HideSolutionNode = FALSE
	EndGlobalSection
	GlobalSection(ExtensibilityGlobals) = postSolution
		SolutionGuid = {640D12B6-B43C-4C3A-A336-BFC23E5B76F9}
	EndGlobalSection
EndGlobal
